// !$*UTF8*$!
{
	archiveVersion = 1;
	classes = {
	};
	objectVersion = 50;
	objects = {

/* Begin PBXBuildFile section */
		1F7E634040E1E26BFAAB9D27 /* Pods_Shopify.framework in Frameworks */ = {isa = PBXBuildFile; fileRef = 41B93FBC1F0D4963D6FA16C9 /* Pods_Shopify.framework */; };
		631A58DB21519A4C00EB5551 /* ProductListViewController.swift in Sources */ = {isa = PBXBuildFile; fileRef = 631A58DA21519A4C00EB5551 /* ProductListViewController.swift */; };
		631A58E021519BB300EB5551 /* ProductTableViewCell.swift in Sources */ = {isa = PBXBuildFile; fileRef = 631A58DF21519BB300EB5551 /* ProductTableViewCell.swift */; };
		6373B3BF2151575900333E66 /* TagTableViewCell.swift in Sources */ = {isa = PBXBuildFile; fileRef = 6373B3BE2151575900333E66 /* TagTableViewCell.swift */; };
		63F5000E21503CDD002D20D5 /* AppDelegate.swift in Sources */ = {isa = PBXBuildFile; fileRef = 63F5000D21503CDD002D20D5 /* AppDelegate.swift */; };
		63F5001021503CDD002D20D5 /* TagListViewController.swift in Sources */ = {isa = PBXBuildFile; fileRef = 63F5000F21503CDD002D20D5 /* TagListViewController.swift */; };
		63F5001321503CDD002D20D5 /* Main.storyboard in Resources */ = {isa = PBXBuildFile; fileRef = 63F5001121503CDD002D20D5 /* Main.storyboard */; };
		63F5001521503CDF002D20D5 /* Assets.xcassets in Resources */ = {isa = PBXBuildFile; fileRef = 63F5001421503CDF002D20D5 /* Assets.xcassets */; };
		63F5001821503CDF002D20D5 /* LaunchScreen.storyboard in Resources */ = {isa = PBXBuildFile; fileRef = 63F5001621503CDF002D20D5 /* LaunchScreen.storyboard */; };
		63F5002321503CDF002D20D5 /* ShopifyTests.swift in Sources */ = {isa = PBXBuildFile; fileRef = 63F5002221503CDF002D20D5 /* ShopifyTests.swift */; };
		63F5002E21503CDF002D20D5 /* ShopifyUITests.swift in Sources */ = {isa = PBXBuildFile; fileRef = 63F5002D21503CDF002D20D5 /* ShopifyUITests.swift */; };
		63F5003C2150414B002D20D5 /* UrlPaths.swift in Sources */ = {isa = PBXBuildFile; fileRef = 63F5003B2150414B002D20D5 /* UrlPaths.swift */; };
		63F5003E2150435B002D20D5 /* Tools.swift in Sources */ = {isa = PBXBuildFile; fileRef = 63F5003D2150435B002D20D5 /* Tools.swift */; };
		63F500402150450C002D20D5 /* Product.swift in Sources */ = {isa = PBXBuildFile; fileRef = 63F5003F2150450C002D20D5 /* Product.swift */; };
		63F500422150495A002D20D5 /* Stock.swift in Sources */ = {isa = PBXBuildFile; fileRef = 63F500412150495A002D20D5 /* Stock.swift */; };
/* End PBXBuildFile section */

/* Begin PBXContainerItemProxy section */
		63F5001F21503CDF002D20D5 /* PBXContainerItemProxy */ = {
			isa = PBXContainerItemProxy;
			containerPortal = 63F5000221503CDD002D20D5 /* Project object */;
			proxyType = 1;
			remoteGlobalIDString = 63F5000921503CDD002D20D5;
			remoteInfo = Shopify;
		};
		63F5002A21503CDF002D20D5 /* PBXContainerItemProxy */ = {
			isa = PBXContainerItemProxy;
			containerPortal = 63F5000221503CDD002D20D5 /* Project object */;
			proxyType = 1;
			remoteGlobalIDString = 63F5000921503CDD002D20D5;
			remoteInfo = Shopify;
		};
/* End PBXContainerItemProxy section */

/* Begin PBXFileReference section */
		41B93FBC1F0D4963D6FA16C9 /* Pods_Shopify.framework */ = {isa = PBXFileReference; explicitFileType = wrapper.framework; includeInIndex = 0; path = Pods_Shopify.framework; sourceTree = BUILT_PRODUCTS_DIR; };
		4EA6313B42044CCECC0741BD /* Pods-Shopify.debug.xcconfig */ = {isa = PBXFileReference; includeInIndex = 1; lastKnownFileType = text.xcconfig; name = "Pods-Shopify.debug.xcconfig"; path = "Pods/Target Support Files/Pods-Shopify/Pods-Shopify.debug.xcconfig"; sourceTree = "<group>"; };
		631A58DA21519A4C00EB5551 /* ProductListViewController.swift */ = {isa = PBXFileReference; lastKnownFileType = sourcecode.swift; path = ProductListViewController.swift; sourceTree = "<group>"; };
		631A58DF21519BB300EB5551 /* ProductTableViewCell.swift */ = {isa = PBXFileReference; lastKnownFileType = sourcecode.swift; path = ProductTableViewCell.swift; sourceTree = "<group>"; };
		6373B3BE2151575900333E66 /* TagTableViewCell.swift */ = {isa = PBXFileReference; lastKnownFileType = sourcecode.swift; path = TagTableViewCell.swift; sourceTree = "<group>"; };
		63F5000A21503CDD002D20D5 /* Shopify.app */ = {isa = PBXFileReference; explicitFileType = wrapper.application; includeInIndex = 0; path = Shopify.app; sourceTree = BUILT_PRODUCTS_DIR; };
		63F5000D21503CDD002D20D5 /* AppDelegate.swift */ = {isa = PBXFileReference; lastKnownFileType = sourcecode.swift; path = AppDelegate.swift; sourceTree = "<group>"; };
		63F5000F21503CDD002D20D5 /* TagListViewController.swift */ = {isa = PBXFileReference; lastKnownFileType = sourcecode.swift; path = TagListViewController.swift; sourceTree = "<group>"; };
		63F5001221503CDD002D20D5 /* Base */ = {isa = PBXFileReference; lastKnownFileType = file.storyboard; name = Base; path = Base.lproj/Main.storyboard; sourceTree = "<group>"; };
		63F5001421503CDF002D20D5 /* Assets.xcassets */ = {isa = PBXFileReference; lastKnownFileType = folder.assetcatalog; path = Assets.xcassets; sourceTree = "<group>"; };
		63F5001721503CDF002D20D5 /* Base */ = {isa = PBXFileReference; lastKnownFileType = file.storyboard; name = Base; path = Base.lproj/LaunchScreen.storyboard; sourceTree = "<group>"; };
		63F5001921503CDF002D20D5 /* Info.plist */ = {isa = PBXFileReference; lastKnownFileType = text.plist.xml; path = Info.plist; sourceTree = "<group>"; };
		63F5001E21503CDF002D20D5 /* ShopifyTests.xctest */ = {isa = PBXFileReference; explicitFileType = wrapper.cfbundle; includeInIndex = 0; path = ShopifyTests.xctest; sourceTree = BUILT_PRODUCTS_DIR; };
		63F5002221503CDF002D20D5 /* ShopifyTests.swift */ = {isa = PBXFileReference; lastKnownFileType = sourcecode.swift; path = ShopifyTests.swift; sourceTree = "<group>"; };
		63F5002421503CDF002D20D5 /* Info.plist */ = {isa = PBXFileReference; lastKnownFileType = text.plist.xml; path = Info.plist; sourceTree = "<group>"; };
		63F5002921503CDF002D20D5 /* ShopifyUITests.xctest */ = {isa = PBXFileReference; explicitFileType = wrapper.cfbundle; includeInIndex = 0; path = ShopifyUITests.xctest; sourceTree = BUILT_PRODUCTS_DIR; };
		63F5002D21503CDF002D20D5 /* ShopifyUITests.swift */ = {isa = PBXFileReference; lastKnownFileType = sourcecode.swift; path = ShopifyUITests.swift; sourceTree = "<group>"; };
		63F5002F21503CDF002D20D5 /* Info.plist */ = {isa = PBXFileReference; lastKnownFileType = text.plist.xml; path = Info.plist; sourceTree = "<group>"; };
		63F5003B2150414B002D20D5 /* UrlPaths.swift */ = {isa = PBXFileReference; lastKnownFileType = sourcecode.swift; path = UrlPaths.swift; sourceTree = "<group>"; };
		63F5003D2150435B002D20D5 /* Tools.swift */ = {isa = PBXFileReference; lastKnownFileType = sourcecode.swift; path = Tools.swift; sourceTree = "<group>"; };
		63F5003F2150450C002D20D5 /* Product.swift */ = {isa = PBXFileReference; lastKnownFileType = sourcecode.swift; path = Product.swift; sourceTree = "<group>"; };
		63F500412150495A002D20D5 /* Stock.swift */ = {isa = PBXFileReference; lastKnownFileType = sourcecode.swift; path = Stock.swift; sourceTree = "<group>"; };
		BF640F0965D51D6B5C993054 /* Pods-Shopify.release.xcconfig */ = {isa = PBXFileReference; includeInIndex = 1; lastKnownFileType = text.xcconfig; name = "Pods-Shopify.release.xcconfig"; path = "Pods/Target Support Files/Pods-Shopify/Pods-Shopify.release.xcconfig"; sourceTree = "<group>"; };
/* End PBXFileReference section */

/* Begin PBXFrameworksBuildPhase section */
		63F5000721503CDD002D20D5 /* Frameworks */ = {
			isa = PBXFrameworksBuildPhase;
			buildActionMask = 2147483647;
			files = (
				1F7E634040E1E26BFAAB9D27 /* Pods_Shopify.framework in Frameworks */,
			);
			runOnlyForDeploymentPostprocessing = 0;
		};
		63F5001B21503CDF002D20D5 /* Frameworks */ = {
			isa = PBXFrameworksBuildPhase;
			buildActionMask = 2147483647;
			files = (
			);
			runOnlyForDeploymentPostprocessing = 0;
		};
		63F5002621503CDF002D20D5 /* Frameworks */ = {
			isa = PBXFrameworksBuildPhase;
			buildActionMask = 2147483647;
			files = (
			);
			runOnlyForDeploymentPostprocessing = 0;
		};
/* End PBXFrameworksBuildPhase section */

/* Begin PBXGroup section */
		61B10EB3B8224C1E07861646 /* Frameworks */ = {
			isa = PBXGroup;
			children = (
				41B93FBC1F0D4963D6FA16C9 /* Pods_Shopify.framework */,
			);
			name = Frameworks;
			sourceTree = "<group>";
		};
		631A58DC21519A5400EB5551 /* ViewControllers */ = {
			isa = PBXGroup;
			children = (
				63F5000F21503CDD002D20D5 /* TagListViewController.swift */,
				631A58DA21519A4C00EB5551 /* ProductListViewController.swift */,
			);
			path = ViewControllers;
			sourceTree = "<group>";
		};
		631A58DD21519A7300EB5551 /* Classes */ = {
			isa = PBXGroup;
			children = (
				63F5003F2150450C002D20D5 /* Product.swift */,
				63F500412150495A002D20D5 /* Stock.swift */,
			);
			path = Classes;
			sourceTree = "<group>";
		};
		631A58DE21519A9700EB5551 /* Utilities */ = {
			isa = PBXGroup;
			children = (
				63F5003B2150414B002D20D5 /* UrlPaths.swift */,
				63F5003D2150435B002D20D5 /* Tools.swift */,
			);
			path = Utilities;
			sourceTree = "<group>";
		};
		631A58E121519C3000EB5551 /* CustomCells */ = {
			isa = PBXGroup;
			children = (
				6373B3BE2151575900333E66 /* TagTableViewCell.swift */,
				631A58DF21519BB300EB5551 /* ProductTableViewCell.swift */,
			);
			path = CustomCells;
			sourceTree = "<group>";
		};
		63F5000121503CDD002D20D5 = {
			isa = PBXGroup;
			children = (
				63F5000C21503CDD002D20D5 /* Shopify */,
				63F5002121503CDF002D20D5 /* ShopifyTests */,
				63F5002C21503CDF002D20D5 /* ShopifyUITests */,
				63F5000B21503CDD002D20D5 /* Products */,
				9BBB8CABA5303E323CE6A2AE /* Pods */,
				61B10EB3B8224C1E07861646 /* Frameworks */,
			);
			sourceTree = "<group>";
		};
		63F5000B21503CDD002D20D5 /* Products */ = {
			isa = PBXGroup;
			children = (
				63F5000A21503CDD002D20D5 /* Shopify.app */,
				63F5001E21503CDF002D20D5 /* ShopifyTests.xctest */,
				63F5002921503CDF002D20D5 /* ShopifyUITests.xctest */,
			);
			name = Products;
			sourceTree = "<group>";
		};
		63F5000C21503CDD002D20D5 /* Shopify */ = {
			isa = PBXGroup;
			children = (
				63F5000D21503CDD002D20D5 /* AppDelegate.swift */,
				631A58DC21519A5400EB5551 /* ViewControllers */,
				631A58DD21519A7300EB5551 /* Classes */,
				631A58DE21519A9700EB5551 /* Utilities */,
				631A58E121519C3000EB5551 /* CustomCells */,
				63F5001421503CDF002D20D5 /* Assets.xcassets */,
				63F5001121503CDD002D20D5 /* Main.storyboard */,
				63F5001621503CDF002D20D5 /* LaunchScreen.storyboard */,
				63F5001921503CDF002D20D5 /* Info.plist */,
			);
			path = Shopify;
			sourceTree = "<group>";
		};
		63F5002121503CDF002D20D5 /* ShopifyTests */ = {
			isa = PBXGroup;
			children = (
				63F5002221503CDF002D20D5 /* ShopifyTests.swift */,
				63F5002421503CDF002D20D5 /* Info.plist */,
			);
			path = ShopifyTests;
			sourceTree = "<group>";
		};
		63F5002C21503CDF002D20D5 /* ShopifyUITests */ = {
			isa = PBXGroup;
			children = (
				63F5002D21503CDF002D20D5 /* ShopifyUITests.swift */,
				63F5002F21503CDF002D20D5 /* Info.plist */,
			);
			path = ShopifyUITests;
			sourceTree = "<group>";
		};
		9BBB8CABA5303E323CE6A2AE /* Pods */ = {
			isa = PBXGroup;
			children = (
				4EA6313B42044CCECC0741BD /* Pods-Shopify.debug.xcconfig */,
				BF640F0965D51D6B5C993054 /* Pods-Shopify.release.xcconfig */,
			);
			name = Pods;
			sourceTree = "<group>";
		};
/* End PBXGroup section */

/* Begin PBXNativeTarget section */
		63F5000921503CDD002D20D5 /* Shopify */ = {
			isa = PBXNativeTarget;
			buildConfigurationList = 63F5003221503CDF002D20D5 /* Build configuration list for PBXNativeTarget "Shopify" */;
			buildPhases = (
				5D14D8F77FA2DC9AF8485E20 /* [CP] Check Pods Manifest.lock */,
				63F5000621503CDD002D20D5 /* Sources */,
				63F5000721503CDD002D20D5 /* Frameworks */,
				63F5000821503CDD002D20D5 /* Resources */,
				AB6985E524B029F684392BC0 /* [CP] Embed Pods Frameworks */,
			);
			buildRules = (
			);
			dependencies = (
			);
			name = Shopify;
			productName = Shopify;
			productReference = 63F5000A21503CDD002D20D5 /* Shopify.app */;
			productType = "com.apple.product-type.application";
		};
		63F5001D21503CDF002D20D5 /* ShopifyTests */ = {
			isa = PBXNativeTarget;
			buildConfigurationList = 63F5003521503CDF002D20D5 /* Build configuration list for PBXNativeTarget "ShopifyTests" */;
			buildPhases = (
				63F5001A21503CDF002D20D5 /* Sources */,
				63F5001B21503CDF002D20D5 /* Frameworks */,
				63F5001C21503CDF002D20D5 /* Resources */,
			);
			buildRules = (
			);
			dependencies = (
				63F5002021503CDF002D20D5 /* PBXTargetDependency */,
			);
			name = ShopifyTests;
			productName = ShopifyTests;
			productReference = 63F5001E21503CDF002D20D5 /* ShopifyTests.xctest */;
			productType = "com.apple.product-type.bundle.unit-test";
		};
		63F5002821503CDF002D20D5 /* ShopifyUITests */ = {
			isa = PBXNativeTarget;
			buildConfigurationList = 63F5003821503CDF002D20D5 /* Build configuration list for PBXNativeTarget "ShopifyUITests" */;
			buildPhases = (
				63F5002521503CDF002D20D5 /* Sources */,
				63F5002621503CDF002D20D5 /* Frameworks */,
				63F5002721503CDF002D20D5 /* Resources */,
			);
			buildRules = (
			);
			dependencies = (
				63F5002B21503CDF002D20D5 /* PBXTargetDependency */,
			);
			name = ShopifyUITests;
			productName = ShopifyUITests;
			productReference = 63F5002921503CDF002D20D5 /* ShopifyUITests.xctest */;
			productType = "com.apple.product-type.bundle.ui-testing";
		};
/* End PBXNativeTarget section */

/* Begin PBXProject section */
		63F5000221503CDD002D20D5 /* Project object */ = {
			isa = PBXProject;
			attributes = {
				LastSwiftUpdateCheck = 0940;
				LastUpgradeCheck = 0940;
				ORGANIZATIONNAME = "Marco Lopez";
				TargetAttributes = {
					63F5000921503CDD002D20D5 = {
						CreatedOnToolsVersion = 9.4.1;
					};
					63F5001D21503CDF002D20D5 = {
						CreatedOnToolsVersion = 9.4.1;
						TestTargetID = 63F5000921503CDD002D20D5;
					};
					63F5002821503CDF002D20D5 = {
						CreatedOnToolsVersion = 9.4.1;
						TestTargetID = 63F5000921503CDD002D20D5;
					};
				};
			};
			buildConfigurationList = 63F5000521503CDD002D20D5 /* Build configuration list for PBXProject "Shopify" */;
			compatibilityVersion = "Xcode 9.3";
			developmentRegion = en;
			hasScannedForEncodings = 0;
			knownRegions = (
				en,
				Base,
			);
			mainGroup = 63F5000121503CDD002D20D5;
			productRefGroup = 63F5000B21503CDD002D20D5 /* Products */;
			projectDirPath = "";
			projectRoot = "";
			targets = (
				63F5000921503CDD002D20D5 /* Shopify */,
				63F5001D21503CDF002D20D5 /* ShopifyTests */,
				63F5002821503CDF002D20D5 /* ShopifyUITests */,
			);
		};
/* End PBXProject section */

/* Begin PBXResourcesBuildPhase section */
		63F5000821503CDD002D20D5 /* Resources */ = {
			isa = PBXResourcesBuildPhase;
			buildActionMask = 2147483647;
			files = (
				63F5001821503CDF002D20D5 /* LaunchScreen.storyboard in Resources */,
				63F5001521503CDF002D20D5 /* Assets.xcassets in Resources */,
				63F5001321503CDD002D20D5 /* Main.storyboard in Resources */,
			);
			runOnlyForDeploymentPostprocessing = 0;
		};
		63F5001C21503CDF002D20D5 /* Resources */ = {
			isa = PBXResourcesBuildPhase;
			buildActionMask = 2147483647;
			files = (
			);
			runOnlyForDeploymentPostprocessing = 0;
		};
		63F5002721503CDF002D20D5 /* Resources */ = {
			isa = PBXResourcesBuildPhase;
			buildActionMask = 2147483647;
			files = (
			);
			runOnlyForDeploymentPostprocessing = 0;
		};
/* End PBXResourcesBuildPhase section */

/* Begin PBXShellScriptBuildPhase section */
		5D14D8F77FA2DC9AF8485E20 /* [CP] Check Pods Manifest.lock */ = {
			isa = PBXShellScriptBuildPhase;
			buildActionMask = 2147483647;
			files = (
			);
			inputPaths = (
				"${PODS_PODFILE_DIR_PATH}/Podfile.lock",
				"${PODS_ROOT}/Manifest.lock",
			);
			name = "[CP] Check Pods Manifest.lock";
			outputPaths = (
				"$(DERIVED_FILE_DIR)/Pods-Shopify-checkManifestLockResult.txt",
			);
			runOnlyForDeploymentPostprocessing = 0;
			shellPath = /bin/sh;
			shellScript = "diff \"${PODS_PODFILE_DIR_PATH}/Podfile.lock\" \"${PODS_ROOT}/Manifest.lock\" > /dev/null\nif [ $? != 0 ] ; then\n    # print error to STDERR\n    echo \"error: The sandbox is not in sync with the Podfile.lock. Run 'pod install' or update your CocoaPods installation.\" >&2\n    exit 1\nfi\n# This output is used by Xcode 'outputs' to avoid re-running this script phase.\necho \"SUCCESS\" > \"${SCRIPT_OUTPUT_FILE_0}\"\n";
			showEnvVarsInLog = 0;
		};
		AB6985E524B029F684392BC0 /* [CP] Embed Pods Frameworks */ = {
			isa = PBXShellScriptBuildPhase;
			buildActionMask = 2147483647;
			files = (
			);
			inputPaths = (
				"${SRCROOT}/Pods/Target Support Files/Pods-Shopify/Pods-Shopify-frameworks.sh",
				"${BUILT_PRODUCTS_DIR}/Alamofire/Alamofire.framework",
				"${BUILT_PRODUCTS_DIR}/SDWebImage/SDWebImage.framework",
			);
			name = "[CP] Embed Pods Frameworks";
			outputPaths = (
				"${TARGET_BUILD_DIR}/${FRAMEWORKS_FOLDER_PATH}/Alamofire.framework",
				"${TARGET_BUILD_DIR}/${FRAMEWORKS_FOLDER_PATH}/SDWebImage.framework",
			);
			runOnlyForDeploymentPostprocessing = 0;
			shellPath = /bin/sh;
			shellScript = "\"${SRCROOT}/Pods/Target Support Files/Pods-Shopify/Pods-Shopify-frameworks.sh\"\n";
			showEnvVarsInLog = 0;
		};
/* End PBXShellScriptBuildPhase section */

/* Begin PBXSourcesBuildPhase section */
		63F5000621503CDD002D20D5 /* Sources */ = {
			isa = PBXSourcesBuildPhase;
			buildActionMask = 2147483647;
			files = (
				6373B3BF2151575900333E66 /* TagTableViewCell.swift in Sources */,
				631A58DB21519A4C00EB5551 /* ProductListViewController.swift in Sources */,
				63F500422150495A002D20D5 /* Stock.swift in Sources */,
				63F5001021503CDD002D20D5 /* TagListViewController.swift in Sources */,
				63F5003C2150414B002D20D5 /* UrlPaths.swift in Sources */,
				63F500402150450C002D20D5 /* Product.swift in Sources */,
				631A58E021519BB300EB5551 /* ProductTableViewCell.swift in Sources */,
				63F5000E21503CDD002D20D5 /* AppDelegate.swift in Sources */,
				63F5003E2150435B002D20D5 /* Tools.swift in Sources */,
			);
			runOnlyForDeploymentPostprocessing = 0;
		};
		63F5001A21503CDF002D20D5 /* Sources */ = {
			isa = PBXSourcesBuildPhase;
			buildActionMask = 2147483647;
			files = (
				63F5002321503CDF002D20D5 /* ShopifyTests.swift in Sources */,
			);
			runOnlyForDeploymentPostprocessing = 0;
		};
		63F5002521503CDF002D20D5 /* Sources */ = {
			isa = PBXSourcesBuildPhase;
			buildActionMask = 2147483647;
			files = (
				63F5002E21503CDF002D20D5 /* ShopifyUITests.swift in Sources */,
			);
			runOnlyForDeploymentPostprocessing = 0;
		};
/* End PBXSourcesBuildPhase section */

/* Begin PBXTargetDependency section */
		63F5002021503CDF002D20D5 /* PBXTargetDependency */ = {
			isa = PBXTargetDependency;
			target = 63F5000921503CDD002D20D5 /* Shopify */;
			targetProxy = 63F5001F21503CDF002D20D5 /* PBXContainerItemProxy */;
		};
		63F5002B21503CDF002D20D5 /* PBXTargetDependency */ = {
			isa = PBXTargetDependency;
			target = 63F5000921503CDD002D20D5 /* Shopify */;
			targetProxy = 63F5002A21503CDF002D20D5 /* PBXContainerItemProxy */;
		};
/* End PBXTargetDependency section */

/* Begin PBXVariantGroup section */
		63F5001121503CDD002D20D5 /* Main.storyboard */ = {
			isa = PBXVariantGroup;
			children = (
				63F5001221503CDD002D20D5 /* Base */,
			);
			name = Main.storyboard;
			sourceTree = "<group>";
		};
		63F5001621503CDF002D20D5 /* LaunchScreen.storyboard */ = {
			isa = PBXVariantGroup;
			children = (
				63F5001721503CDF002D20D5 /* Base */,
			);
			name = LaunchScreen.storyboard;
			sourceTree = "<group>";
		};
/* End PBXVariantGroup section */

/* Begin XCBuildConfiguration section */
		63F5003021503CDF002D20D5 /* Debug */ = {
			isa = XCBuildConfiguration;
			buildSettings = {
				ALWAYS_SEARCH_USER_PATHS = NO;
				CLANG_ANALYZER_NONNULL = YES;
				CLANG_ANALYZER_NUMBER_OBJECT_CONVERSION = YES_AGGRESSIVE;
				CLANG_CXX_LANGUAGE_STANDARD = "gnu++14";
				CLANG_CXX_LIBRARY = "libc++";
				CLANG_ENABLE_MODULES = YES;
				CLANG_ENABLE_OBJC_ARC = YES;
				CLANG_ENABLE_OBJC_WEAK = YES;
				CLANG_WARN_BLOCK_CAPTURE_AUTORELEASING = YES;
				CLANG_WARN_BOOL_CONVERSION = YES;
				CLANG_WARN_COMMA = YES;
				CLANG_WARN_CONSTANT_CONVERSION = YES;
				CLANG_WARN_DEPRECATED_OBJC_IMPLEMENTATIONS = YES;
				CLANG_WARN_DIRECT_OBJC_ISA_USAGE = YES_ERROR;
				CLANG_WARN_DOCUMENTATION_COMMENTS = YES;
				CLANG_WARN_EMPTY_BODY = YES;
				CLANG_WARN_ENUM_CONVERSION = YES;
				CLANG_WARN_INFINITE_RECURSION = YES;
				CLANG_WARN_INT_CONVERSION = YES;
				CLANG_WARN_NON_LITERAL_NULL_CONVERSION = YES;
				CLANG_WARN_OBJC_IMPLICIT_RETAIN_SELF = YES;
				CLANG_WARN_OBJC_LITERAL_CONVERSION = YES;
				CLANG_WARN_OBJC_ROOT_CLASS = YES_ERROR;
				CLANG_WARN_RANGE_LOOP_ANALYSIS = YES;
				CLANG_WARN_STRICT_PROTOTYPES = YES;
				CLANG_WARN_SUSPICIOUS_MOVE = YES;
				CLANG_WARN_UNGUARDED_AVAILABILITY = YES_AGGRESSIVE;
				CLANG_WARN_UNREACHABLE_CODE = YES;
				CLANG_WARN__DUPLICATE_METHOD_MATCH = YES;
				CODE_SIGN_IDENTITY = "iPhone Developer";
				COPY_PHASE_STRIP = NO;
				DEBUG_INFORMATION_FORMAT = dwarf;
				ENABLE_STRICT_OBJC_MSGSEND = YES;
				ENABLE_TESTABILITY = YES;
				GCC_C_LANGUAGE_STANDARD = gnu11;
				GCC_DYNAMIC_NO_PIC = NO;
				GCC_NO_COMMON_BLOCKS = YES;
				GCC_OPTIMIZATION_LEVEL = 0;
				GCC_PREPROCESSOR_DEFINITIONS = (
					"DEBUG=1",
					"$(inherited)",
				);
				GCC_WARN_64_TO_32_BIT_CONVERSION = YES;
				GCC_WARN_ABOUT_RETURN_TYPE = YES_ERROR;
				GCC_WARN_UNDECLARED_SELECTOR = YES;
				GCC_WARN_UNINITIALIZED_AUTOS = YES_AGGRESSIVE;
				GCC_WARN_UNUSED_FUNCTION = YES;
				GCC_WARN_UNUSED_VARIABLE = YES;
				IPHONEOS_DEPLOYMENT_TARGET = 11.4;
				MTL_ENABLE_DEBUG_INFO = YES;
				ONLY_ACTIVE_ARCH = YES;
				SDKROOT = iphoneos;
				SWIFT_ACTIVE_COMPILATION_CONDITIONS = DEBUG;
				SWIFT_OPTIMIZATION_LEVEL = "-Onone";
			};
			name = Debug;
		};
		63F5003121503CDF002D20D5 /* Release */ = {
			isa = XCBuildConfiguration;
			buildSettings = {
				ALWAYS_SEARCH_USER_PATHS = NO;
				CLANG_ANALYZER_NONNULL = YES;
				CLANG_ANALYZER_NUMBER_OBJECT_CONVERSION = YES_AGGRESSIVE;
				CLANG_CXX_LANGUAGE_STANDARD = "gnu++14";
				CLANG_CXX_LIBRARY = "libc++";
				CLANG_ENABLE_MODULES = YES;
				CLANG_ENABLE_OBJC_ARC = YES;
				CLANG_ENABLE_OBJC_WEAK = YES;
				CLANG_WARN_BLOCK_CAPTURE_AUTORELEASING = YES;
				CLANG_WARN_BOOL_CONVERSION = YES;
				CLANG_WARN_COMMA = YES;
				CLANG_WARN_CONSTANT_CONVERSION = YES;
				CLANG_WARN_DEPRECATED_OBJC_IMPLEMENTATIONS = YES;
				CLANG_WARN_DIRECT_OBJC_ISA_USAGE = YES_ERROR;
				CLANG_WARN_DOCUMENTATION_COMMENTS = YES;
				CLANG_WARN_EMPTY_BODY = YES;
				CLANG_WARN_ENUM_CONVERSION = YES;
				CLANG_WARN_INFINITE_RECURSION = YES;
				CLANG_WARN_INT_CONVERSION = YES;
				CLANG_WARN_NON_LITERAL_NULL_CONVERSION = YES;
				CLANG_WARN_OBJC_IMPLICIT_RETAIN_SELF = YES;
				CLANG_WARN_OBJC_LITERAL_CONVERSION = YES;
				CLANG_WARN_OBJC_ROOT_CLASS = YES_ERROR;
				CLANG_WARN_RANGE_LOOP_ANALYSIS = YES;
				CLANG_WARN_STRICT_PROTOTYPES = YES;
				CLANG_WARN_SUSPICIOUS_MOVE = YES;
				CLANG_WARN_UNGUARDED_AVAILABILITY = YES_AGGRESSIVE;
				CLANG_WARN_UNREACHABLE_CODE = YES;
				CLANG_WARN__DUPLICATE_METHOD_MATCH = YES;
				CODE_SIGN_IDENTITY = "iPhone Developer";
				COPY_PHASE_STRIP = NO;
				DEBUG_INFORMATION_FORMAT = "dwarf-with-dsym";
				ENABLE_NS_ASSERTIONS = NO;
				ENABLE_STRICT_OBJC_MSGSEND = YES;
				GCC_C_LANGUAGE_STANDARD = gnu11;
				GCC_NO_COMMON_BLOCKS = YES;
				GCC_WARN_64_TO_32_BIT_CONVERSION = YES;
				GCC_WARN_ABOUT_RETURN_TYPE = YES_ERROR;
				GCC_WARN_UNDECLARED_SELECTOR = YES;
				GCC_WARN_UNINITIALIZED_AUTOS = YES_AGGRESSIVE;
				GCC_WARN_UNUSED_FUNCTION = YES;
				GCC_WARN_UNUSED_VARIABLE = YES;
				IPHONEOS_DEPLOYMENT_TARGET = 11.4;
				MTL_ENABLE_DEBUG_INFO = NO;
				SDKROOT = iphoneos;
				SWIFT_COMPILATION_MODE = wholemodule;
				SWIFT_OPTIMIZATION_LEVEL = "-O";
				VALIDATE_PRODUCT = YES;
			};
			name = Release;
		};
		63F5003321503CDF002D20D5 /* Debug */ = {
			isa = XCBuildConfiguration;
			baseConfigurationReference = 4EA6313B42044CCECC0741BD /* Pods-Shopify.debug.xcconfig */;
			buildSettings = {
				ASSETCATALOG_COMPILER_APPICON_NAME = AppIcon;
				CODE_SIGN_STYLE = Automatic;
				DEVELOPMENT_TEAM = 46FQ77HQPJ;
				INFOPLIST_FILE = Shopify/Info.plist;
				LD_RUNPATH_SEARCH_PATHS = (
					"$(inherited)",
					"@executable_path/Frameworks",
				);
				PRODUCT_BUNDLE_IDENTIFIER = Marco.Shopify;
				PRODUCT_NAME = "$(TARGET_NAME)";
				SWIFT_VERSION = 4.0;
				TARGETED_DEVICE_FAMILY = "1,2";
			};
			name = Debug;
		};
		63F5003421503CDF002D20D5 /* Release */ = {
			isa = XCBuildConfiguration;
			baseConfigurationReference = BF640F0965D51D6B5C993054 /* Pods-Shopify.release.xcconfig */;
			buildSettings = {
				ASSETCATALOG_COMPILER_APPICON_NAME = AppIcon;
				CODE_SIGN_STYLE = Automatic;
				DEVELOPMENT_TEAM = 46FQ77HQPJ;
				INFOPLIST_FILE = Shopify/Info.plist;
				LD_RUNPATH_SEARCH_PATHS = (
					"$(inherited)",
					"@executable_path/Frameworks",
				);
				PRODUCT_BUNDLE_IDENTIFIER = Marco.Shopify;
				PRODUCT_NAME = "$(TARGET_NAME)";
				SWIFT_VERSION = 4.0;
				TARGETED_DEVICE_FAMILY = "1,2";
			};
			name = Release;
		};
		63F5003621503CDF002D20D5 /* Debug */ = {
			isa = XCBuildConfiguration;
			buildSettings = {
				ALWAYS_EMBED_SWIFT_STANDARD_LIBRARIES = YES;
				BUNDLE_LOADER = "$(TEST_HOST)";
				CODE_SIGN_STYLE = Automatic;
				INFOPLIST_FILE = ShopifyTests/Info.plist;
				LD_RUNPATH_SEARCH_PATHS = (
					"$(inherited)",
					"@executable_path/Frameworks",
					"@loader_path/Frameworks",
				);
				PRODUCT_BUNDLE_IDENTIFIER = Marco.ShopifyTests;
				PRODUCT_NAME = "$(TARGET_NAME)";
				SWIFT_VERSION = 4.0;
				TARGETED_DEVICE_FAMILY = "1,2";
				TEST_HOST = "$(BUILT_PRODUCTS_DIR)/Shopify.app/Shopify";
			};
			name = Debug;
		};
		63F5003721503CDF002D20D5 /* Release */ = {
			isa = XCBuildConfiguration;
			buildSettings = {
				ALWAYS_EMBED_SWIFT_STANDARD_LIBRARIES = YES;
				BUNDLE_LOADER = "$(TEST_HOST)";
				CODE_SIGN_STYLE = Automatic;
				INFOPLIST_FILE = ShopifyTests/Info.plist;
				LD_RUNPATH_SEARCH_PATHS = (
					"$(inherited)",
					"@executable_path/Frameworks",
					"@loader_path/Frameworks",
				);
				PRODUCT_BUNDLE_IDENTIFIER = Marco.ShopifyTests;
				PRODUCT_NAME = "$(TARGET_NAME)";
				SWIFT_VERSION = 4.0;
				TARGETED_DEVICE_FAMILY = "1,2";
				TEST_HOST = "$(BUILT_PRODUCTS_DIR)/Shopify.app/Shopify";
			};
			name = Release;
		};
		63F5003921503CDF002D20D5 /* Debug */ = {
			isa = XCBuildConfiguration;
			buildSettings = {
				ALWAYS_EMBED_SWIFT_STANDARD_LIBRARIES = YES;
				CODE_SIGN_STYLE = Automatic;
				INFOPLIST_FILE = ShopifyUITests/Info.plist;
				LD_RUNPATH_SEARCH_PATHS = (
					"$(inherited)",
					"@executable_path/Frameworks",
					"@loader_path/Frameworks",
				);
				PRODUCT_BUNDLE_IDENTIFIER = Marco.ShopifyUITests;
				PRODUCT_NAME = "$(TARGET_NAME)";
				SWIFT_VERSION = 4.0;
				TARGETED_DEVICE_FAMILY = "1,2";
				TEST_TARGET_NAME = Shopify;
			};
			name = Debug;
		};
		63F5003A21503CDF002D20D5 /* Release */ = {
			isa = XCBuildConfiguration;
			buildSettings = {
				ALWAYS_EMBED_SWIFT_STANDARD_LIBRARIES = YES;
				CODE_SIGN_STYLE = Automatic;
				INFOPLIST_FILE = ShopifyUITests/Info.plist;
				LD_RUNPATH_SEARCH_PATHS = (
					"$(inherited)",
					"@executable_path/Frameworks",
					"@loader_path/Frameworks",
				);
				PRODUCT_BUNDLE_IDENTIFIER = Marco.ShopifyUITests;
				PRODUCT_NAME = "$(TARGET_NAME)";
				SWIFT_VERSION = 4.0;
				TARGETED_DEVICE_FAMILY = "1,2";
				TEST_TARGET_NAME = Shopify;
			};
			name = Release;
		};
/* End XCBuildConfiguration section */

/* Begin XCConfigurationList section */
		63F5000521503CDD002D20D5 /* Build configuration list for PBXProject "Shopify" */ = {
			isa = XCConfigurationList;
			buildConfigurations = (
				63F5003021503CDF002D20D5 /* Debug */,
				63F5003121503CDF002D20D5 /* Release */,
			);
			defaultConfigurationIsVisible = 0;
			defaultConfigurationName = Release;
		};
		63F5003221503CDF002D20D5 /* Build configuration list for PBXNativeTarget "Shopify" */ = {
			isa = XCConfigurationList;
			buildConfigurations = (
				63F5003321503CDF002D20D5 /* Debug */,
				63F5003421503CDF002D20D5 /* Release */,
			);
			defaultConfigurationIsVisible = 0;
			defaultConfigurationName = Release;
		};
		63F5003521503CDF002D20D5 /* Build configuration list for PBXNativeTarget "ShopifyTests" */ = {
			isa = XCConfigurationList;
			buildConfigurations = (
				63F5003621503CDF002D20D5 /* Debug */,
				63F5003721503CDF002D20D5 /* Release */,
			);
			defaultConfigurationIsVisible = 0;
			defaultConfigurationName = Release;
		};
		63F5003821503CDF002D20D5 /* Build configuration list for PBXNativeTarget "ShopifyUITests" */ = {
			isa = XCConfigurationList;
			buildConfigurations = (
				63F5003921503CDF002D20D5 /* Debug */,
				63F5003A21503CDF002D20D5 /* Release */,
			);
			defaultConfigurationIsVisible = 0;
			defaultConfigurationName = Release;
		};
/* End XCConfigurationList section */
	};
	rootObject = 63F5000221503CDD002D20D5 /* Project object */;
}
